
Microsoft Visual Studio Solution File, Format Version 12.00
# Visual Studio Version 16
VisualStudioVersion = 16.0.30503.244
MinimumVisualStudioVersion = 10.0.40219.1
Project("{FAE04EC0-301F-11D3-BF4B-00C04F79EFBC}") = "ConsoleApp0924", "ConsoleApp0924\ConsoleApp0924.csproj", "{37AF8244-6219-4703-A1F6-851A52B1B9AD}"
EndProject
Global
	GlobalSection(SolutionConfigurationPlatforms) = preSolution
		Debug|Any CPU = Debug|Any CPU
		Release|Any CPU = Release|Any CPU
	EndGlobalSection
	GlobalSection(ProjectConfigurationPlatforms) = postSolution
		{37AF8244-6219-4703-A1F6-851A52B1B9AD}.Debug|Any CPU.ActiveCfg = Debug|Any CPU
		{37AF8244-6219-4703-A1F6-851A52B1B9AD}.Debug|Any CPU.Build.0 = Debug|Any CPU
		{37AF8244-6219-4703-A1F6-851A52B1B9AD}.Release|Any CPU.ActiveCfg = Release|Any CPU
		{37AF8244-6219-4703-A1F6-851A52B1B9AD}.Release|Any CPU.Build.0 = Release|Any CPU
	EndGlobalSection
	GlobalSection(SolutionProperties) = preSolution
		HideSolutionNode = FALSE
	EndGlobalSection
	GlobalSection(ExtensibilityGlobals) = postSolution
		SolutionGuid = {526D30B4-EC1B-41C6-B987-9F106D84D3A9}
	EndGlobalSection
EndGlobal
